// !$*UTF8*$!
{
	archiveVersion = 1;
	classes = {
	};
	objectVersion = 56;
	objects = {

/* Begin PBXBuildFile section */
		1D1B7D892956F70700D5F7B7 /* main.swift in Sources */ = {isa = PBXBuildFile; fileRef = 1D1B7D882956F70700D5F7B7 /* main.swift */; };
		1D1B7D912956F71300D5F7B7 /* Input.swift in Sources */ = {isa = PBXBuildFile; fileRef = 1D1B7D902956F71300D5F7B7 /* Input.swift */; };
		1D1B7D932956F75300D5F7B7 /* DataMapper.swift in Sources */ = {isa = PBXBuildFile; fileRef = 1D1B7D922956F75300D5F7B7 /* DataMapper.swift */; };
		1D1B7D962956FF3C00D5F7B7 /* Grid.swift in Sources */ = {isa = PBXBuildFile; fileRef = 1D1B7D952956FF3C00D5F7B7 /* Grid.swift */; };
		1D1B7D982956FF4A00D5F7B7 /* Coordinate.swift in Sources */ = {isa = PBXBuildFile; fileRef = 1D1B7D972956FF4A00D5F7B7 /* Coordinate.swift */; };
		1D1B7D9A295705C400D5F7B7 /* Route.swift in Sources */ = {isa = PBXBuildFile; fileRef = 1D1B7D99295705C400D5F7B7 /* Route.swift */; };
/* End PBXBuildFile section */

/* Begin PBXCopyFilesBuildPhase section */
		1D1B7D832956F70700D5F7B7 /* CopyFiles */ = {
			isa = PBXCopyFilesBuildPhase;
			buildActionMask = 2147483647;
			dstPath = /usr/share/man/man1/;
			dstSubfolderSpec = 0;
			files = (
			);
			runOnlyForDeploymentPostprocessing = 1;
		};
/* End PBXCopyFilesBuildPhase section */

/* Begin PBXFileReference section */
		1D1B7D852956F70700D5F7B7 /* HillClimbing */ = {isa = PBXFileReference; explicitFileType = "compiled.mach-o.executable"; includeInIndex = 0; path = HillClimbing; sourceTree = BUILT_PRODUCTS_DIR; };
		1D1B7D882956F70700D5F7B7 /* main.swift */ = {isa = PBXFileReference; lastKnownFileType = sourcecode.swift; path = main.swift; sourceTree = "<group>"; };
		1D1B7D902956F71300D5F7B7 /* Input.swift */ = {isa = PBXFileReference; lastKnownFileType = sourcecode.swift; path = Input.swift; sourceTree = "<group>"; };
		1D1B7D922956F75300D5F7B7 /* DataMapper.swift */ = {isa = PBXFileReference; lastKnownFileType = sourcecode.swift; path = DataMapper.swift; sourceTree = "<group>"; };
		1D1B7D952956FF3C00D5F7B7 /* Grid.swift */ = {isa = PBXFileReference; lastKnownFileType = sourcecode.swift; path = Grid.swift; sourceTree = "<group>"; };
		1D1B7D972956FF4A00D5F7B7 /* Coordinate.swift */ = {isa = PBXFileReference; lastKnownFileType = sourcecode.swift; path = Coordinate.swift; sourceTree = "<group>"; };
		1D1B7D99295705C400D5F7B7 /* Route.swift */ = {isa = PBXFileReference; lastKnownFileType = sourcecode.swift; path = Route.swift; sourceTree = "<group>"; };
/* End PBXFileReference section */

/* Begin PBXFrameworksBuildPhase section */
		1D1B7D822956F70700D5F7B7 /* Frameworks */ = {
			isa = PBXFrameworksBuildPhase;
			buildActionMask = 2147483647;
			files = (
			);
			runOnlyForDeploymentPostprocessing = 0;
		};
/* End PBXFrameworksBuildPhase section */

/* Begin PBXGroup section */
		1D1B7D7C2956F70700D5F7B7 = {
			isa = PBXGroup;
			children = (
				1D1B7D872956F70700D5F7B7 /* HillClimbing */,
				1D1B7D862956F70700D5F7B7 /* Products */,
			);
			sourceTree = "<group>";
		};
		1D1B7D862956F70700D5F7B7 /* Products */ = {
			isa = PBXGroup;
			children = (
				1D1B7D852956F70700D5F7B7 /* HillClimbing */,
			);
			name = Products;
			sourceTree = "<group>";
		};
		1D1B7D872956F70700D5F7B7 /* HillClimbing */ = {
			isa = PBXGroup;
			children = (
				1D1B7D942956FF3800D5F7B7 /* Models */,
				1D1B7D8F2956F70E00D5F7B7 /* Input */,
				1D1B7D882956F70700D5F7B7 /* main.swift */,
			);
			path = HillClimbing;
			sourceTree = "<group>";
		};
		1D1B7D8F2956F70E00D5F7B7 /* Input */ = {
			isa = PBXGroup;
			children = (
				1D1B7D902956F71300D5F7B7 /* Input.swift */,
				1D1B7D922956F75300D5F7B7 /* DataMapper.swift */,
			);
			path = Input;
			sourceTree = "<group>";
		};
		1D1B7D942956FF3800D5F7B7 /* Models */ = {
			isa = PBXGroup;
			children = (
				1D1B7D952956FF3C00D5F7B7 /* Grid.swift */,
				1D1B7D972956FF4A00D5F7B7 /* Coordinate.swift */,
				1D1B7D99295705C400D5F7B7 /* Route.swift */,
			);
			path = Models;
			sourceTree = "<group>";
		};
/* End PBXGroup section */

/* Begin PBXNativeTarget section */
		1D1B7D842956F70700D5F7B7 /* HillClimbing */ = {
			isa = PBXNativeTarget;
			buildConfigurationList = 1D1B7D8C2956F70700D5F7B7 /* Build configuration list for PBXNativeTarget "HillClimbing" */;
			buildPhases = (
				1D1B7D812956F70700D5F7B7 /* Sources */,
				1D1B7D822956F70700D5F7B7 /* Frameworks */,
				1D1B7D832956F70700D5F7B7 /* CopyFiles */,
			);
			buildRules = (
			);
			dependencies = (
			);
			name = HillClimbing;
			productName = HillClimbing;
			productReference = 1D1B7D852956F70700D5F7B7 /* HillClimbing */;
			productType = "com.apple.product-type.tool";
		};
/* End PBXNativeTarget section */

/* Begin PBXProject section */
		1D1B7D7D2956F70700D5F7B7 /* Project object */ = {
			isa = PBXProject;
			attributes = {
				BuildIndependentTargetsInParallel = 1;
				LastSwiftUpdateCheck = 1410;
				LastUpgradeCheck = 1410;
				TargetAttributes = {
					1D1B7D842956F70700D5F7B7 = {
						CreatedOnToolsVersion = 14.1;
					};
				};
			};
			buildConfigurationList = 1D1B7D802956F70700D5F7B7 /* Build configuration list for PBXProject "HillClimbing" */;
			compatibilityVersion = "Xcode 14.0";
			developmentRegion = en;
			hasScannedForEncodings = 0;
			knownRegions = (
				en,
				Base,
			);
			mainGroup = 1D1B7D7C2956F70700D5F7B7;
			productRefGroup = 1D1B7D862956F70700D5F7B7 /* Products */;
			projectDirPath = "";
			projectRoot = "";
			targets = (
				1D1B7D842956F70700D5F7B7 /* HillClimbing */,
			);
		};
/* End PBXProject section */

/* Begin PBXSourcesBuildPhase section */
		1D1B7D812956F70700D5F7B7 /* Sources */ = {
			isa = PBXSourcesBuildPhase;
			buildActionMask = 2147483647;
			files = (
				1D1B7D912956F71300D5F7B7 /* Input.swift in Sources */,
				1D1B7D932956F75300D5F7B7 /* DataMapper.swift in Sources */,
				1D1B7D892956F70700D5F7B7 /* main.swift in Sources */,
				1D1B7D9A295705C400D5F7B7 /* Route.swift in Sources */,
				1D1B7D962956FF3C00D5F7B7 /* Grid.swift in Sources */,
				1D1B7D982956FF4A00D5F7B7 /* Coordinate.swift in Sources */,
			);
			runOnlyForDeploymentPostprocessing = 0;
		};
/* End PBXSourcesBuildPhase section */

/* Begin XCBuildConfiguration section */
		1D1B7D8A2956F70700D5F7B7 /* Debug */ = {
			isa = XCBuildConfiguration;
			buildSettings = {
				ALWAYS_SEARCH_USER_PATHS = NO;
				CLANG_ANALYZER_NONNULL = YES;
				CLANG_ANALYZER_NUMBER_OBJECT_CONVERSION = YES_AGGRESSIVE;
				CLANG_CXX_LANGUAGE_STANDARD = "gnu++20";
				CLANG_ENABLE_MODULES = YES;
				CLANG_ENABLE_OBJC_ARC = YES;
				CLANG_ENABLE_OBJC_WEAK = YES;
				CLANG_WARN_BLOCK_CAPTURE_AUTORELEASING = YES;
				CLANG_WARN_BOOL_CONVERSION = YES;
				CLANG_WARN_COMMA = YES;
				CLANG_WARN_CONSTANT_CONVERSION = YES;
				CLANG_WARN_DEPRECATED_OBJC_IMPLEMENTATIONS = YES;
				CLANG_WARN_DIRECT_OBJC_ISA_USAGE = YES_ERROR;
				CLANG_WARN_DOCUMENTATION_COMMENTS = YES;
				CLANG_WARN_EMPTY_BODY = YES;
				CLANG_WARN_ENUM_CONVERSION = YES;
				CLANG_WARN_INFINITE_RECURSION = YES;
				CLANG_WARN_INT_CONVERSION = YES;
				CLANG_WARN_NON_LITERAL_NULL_CONVERSION = YES;
				CLANG_WARN_OBJC_IMPLICIT_RETAIN_SELF = YES;
				CLANG_WARN_OBJC_LITERAL_CONVERSION = YES;
				CLANG_WARN_OBJC_ROOT_CLASS = YES_ERROR;
				CLANG_WARN_QUOTED_INCLUDE_IN_FRAMEWORK_HEADER = YES;
				CLANG_WARN_RANGE_LOOP_ANALYSIS = YES;
				CLANG_WARN_STRICT_PROTOTYPES = YES;
				CLANG_WARN_SUSPICIOUS_MOVE = YES;
				CLANG_WARN_UNGUARDED_AVAILABILITY = YES_AGGRESSIVE;
				CLANG_WARN_UNREACHABLE_CODE = YES;
				CLANG_WARN__DUPLICATE_METHOD_MATCH = YES;
				COPY_PHASE_STRIP = NO;
				DEBUG_INFORMATION_FORMAT = dwarf;
				ENABLE_STRICT_OBJC_MSGSEND = YES;
				ENABLE_TESTABILITY = YES;
				GCC_C_LANGUAGE_STANDARD = gnu11;
				GCC_DYNAMIC_NO_PIC = NO;
				GCC_NO_COMMON_BLOCKS = YES;
				GCC_OPTIMIZATION_LEVEL = 0;
				GCC_PREPROCESSOR_DEFINITIONS = (
					"DEBUG=1",
					"$(inherited)",
				);
				GCC_WARN_64_TO_32_BIT_CONVERSION = YES;
				GCC_WARN_ABOUT_RETURN_TYPE = YES_ERROR;
				GCC_WARN_UNDECLARED_SELECTOR = YES;
				GCC_WARN_UNINITIALIZED_AUTOS = YES_AGGRESSIVE;
				GCC_WARN_UNUSED_FUNCTION = YES;
				GCC_WARN_UNUSED_VARIABLE = YES;
				MACOSX_DEPLOYMENT_TARGET = 13.0;
				MTL_ENABLE_DEBUG_INFO = INCLUDE_SOURCE;
				MTL_FAST_MATH = YES;
				ONLY_ACTIVE_ARCH = YES;
				SDKROOT = macosx;
				SWIFT_ACTIVE_COMPILATION_CONDITIONS = DEBUG;
				SWIFT_OPTIMIZATION_LEVEL = "-Onone";
			};
			name = Debug;
		};
		1D1B7D8B2956F70700D5F7B7 /* Release */ = {
			isa = XCBuildConfiguration;
			buildSettings = {
				ALWAYS_SEARCH_USER_PATHS = NO;
				CLANG_ANALYZER_NONNULL = YES;
				CLANG_ANALYZER_NUMBER_OBJECT_CONVERSION = YES_AGGRESSIVE;
				CLANG_CXX_LANGUAGE_STANDARD = "gnu++20";
				CLANG_ENABLE_MODULES = YES;
				CLANG_ENABLE_OBJC_ARC = YES;
				CLANG_ENABLE_OBJC_WEAK = YES;
				CLANG_WARN_BLOCK_CAPTURE_AUTORELEASING = YES;
				CLANG_WARN_BOOL_CONVERSION = YES;
				CLANG_WARN_COMMA = YES;
				CLANG_WARN_CONSTANT_CONVERSION = YES;
				CLANG_WARN_DEPRECATED_OBJC_IMPLEMENTATIONS = YES;
				CLANG_WARN_DIRECT_OBJC_ISA_USAGE = YES_ERROR;
				CLANG_WARN_DOCUMENTATION_COMMENTS = YES;
				CLANG_WARN_EMPTY_BODY = YES;
				CLANG_WARN_ENUM_CONVERSION = YES;
				CLANG_WARN_INFINITE_RECURSION = YES;
				CLANG_WARN_INT_CONVERSION = YES;
				CLANG_WARN_NON_LITERAL_NULL_CONVERSION = YES;
				CLANG_WARN_OBJC_IMPLICIT_RETAIN_SELF = YES;
				CLANG_WARN_OBJC_LITERAL_CONVERSION = YES;
				CLANG_WARN_OBJC_ROOT_CLASS = YES_ERROR;
				CLANG_WARN_QUOTED_INCLUDE_IN_FRAMEWORK_HEADER = YES;
				CLANG_WARN_RANGE_LOOP_ANALYSIS = YES;
				CLANG_WARN_STRICT_PROTOTYPES = YES;
				CLANG_WARN_SUSPICIOUS_MOVE = YES;
				CLANG_WARN_UNGUARDED_AVAILABILITY = YES_AGGRESSIVE;
				CLANG_WARN_UNREACHABLE_CODE = YES;
				CLANG_WARN__DUPLICATE_METHOD_MATCH = YES;
				COPY_PHASE_STRIP = NO;
				DEBUG_INFORMATION_FORMAT = "dwarf-with-dsym";
				ENABLE_NS_ASSERTIONS = NO;
				ENABLE_STRICT_OBJC_MSGSEND = YES;
				GCC_C_LANGUAGE_STANDARD = gnu11;
				GCC_NO_COMMON_BLOCKS = YES;
				GCC_WARN_64_TO_32_BIT_CONVERSION = YES;
				GCC_WARN_ABOUT_RETURN_TYPE = YES_ERROR;
				GCC_WARN_UNDECLARED_SELECTOR = YES;
				GCC_WARN_UNINITIALIZED_AUTOS = YES_AGGRESSIVE;
				GCC_WARN_UNUSED_FUNCTION = YES;
				GCC_WARN_UNUSED_VARIABLE = YES;
				MACOSX_DEPLOYMENT_TARGET = 13.0;
				MTL_ENABLE_DEBUG_INFO = NO;
				MTL_FAST_MATH = YES;
				SDKROOT = macosx;
				SWIFT_COMPILATION_MODE = wholemodule;
				SWIFT_OPTIMIZATION_LEVEL = "-O";
			};
			name = Release;
		};
		1D1B7D8D2956F70700D5F7B7 /* Debug */ = {
			isa = XCBuildConfiguration;
			buildSettings = {
				CODE_SIGN_STYLE = Automatic;
				DEVELOPMENT_TEAM = 9N9MQ3U2TY;
				ENABLE_HARDENED_RUNTIME = YES;
				PRODUCT_NAME = "$(TARGET_NAME)";
				SWIFT_VERSION = 5.0;
			};
			name = Debug;
		};
		1D1B7D8E2956F70700D5F7B7 /* Release */ = {
			isa = XCBuildConfiguration;
			buildSettings = {
				CODE_SIGN_STYLE = Automatic;
				DEVELOPMENT_TEAM = 9N9MQ3U2TY;
				ENABLE_HARDENED_RUNTIME = YES;
				PRODUCT_NAME = "$(TARGET_NAME)";
				SWIFT_VERSION = 5.0;
			};
			name = Release;
		};
/* End XCBuildConfiguration section */

/* Begin XCConfigurationList section */
		1D1B7D802956F70700D5F7B7 /* Build configuration list for PBXProject "HillClimbing" */ = {
			isa = XCConfigurationList;
			buildConfigurations = (
				1D1B7D8A2956F70700D5F7B7 /* Debug */,
				1D1B7D8B2956F70700D5F7B7 /* Release */,
			);
			defaultConfigurationIsVisible = 0;
			defaultConfigurationName = Release;
		};
		1D1B7D8C2956F70700D5F7B7 /* Build configuration list for PBXNativeTarget "HillClimbing" */ = {
			isa = XCConfigurationList;
			buildConfigurations = (
				1D1B7D8D2956F70700D5F7B7 /* Debug */,
				1D1B7D8E2956F70700D5F7B7 /* Release */,
			);
			defaultConfigurationIsVisible = 0;
			defaultConfigurationName = Release;
		};
/* End XCConfigurationList section */
	};
	rootObject = 1D1B7D7D2956F70700D5F7B7 /* Project object */;
}
